
Microsoft Visual Studio Solution File, Format Version 12.00
# Visual Studio Version 17
VisualStudioVersion = 17.0.31903.59
MinimumVisualStudioVersion = 10.0.40219.1
Project("{2150E333-8FDC-42A3-9474-1A3956D46DE8}") = "src", "src", "{827E0CD3-B72D-47B6-A68D-7590B98EB39B}"
EndProject
Project("{FAE04EC0-301F-11D3-BF4B-00C04F79EFBC}") = "Timekeeper.Core", "src\Timekeeper.Core\Timekeeper.Core.csproj", "{7A2FB920-8A6C-450D-8319-BF550E41B123}"
EndProject
Project("{FAE04EC0-301F-11D3-BF4B-00C04F79EFBC}") = "Timekeeper.Data", "src\Timekeeper.Data\Timekeeper.Data.csproj", "{86000D46-00C2-4121-8EB1-70B6F7798224}"
EndProject
Project("{FAE04EC0-301F-11D3-BF4B-00C04F79EFBC}") = "Timekeeper.Windows", "src\Timekeeper.Windows\Timekeeper.Windows.csproj", "{7F2D061D-07B6-4A62-859E-0E7CE11F47C1}"
EndProject
Project("{FAE04EC0-301F-11D3-BF4B-00C04F79EFBC}") = "Timekeeper.App", "src\Timekeeper.App\Timekeeper.App.csproj", "{80DCFF5D-FA58-4D2D-8DAE-9A3C749FA2D4}"
EndProject
Project("{FAE04EC0-301F-11D3-BF4B-00C04F79EFBC}") = "Timekeeper.Tests", "tests\Timekeeper.Tests\Timekeeper.Tests.csproj", "{5270DE71-0623-40B4-BE2A-9FD43598F5E6}"
EndProject
Project("{FAE04EC0-301F-11D3-BF4B-00C04F79EFBC}") = "Timekeeper.Ai", "src\Timekeeper.Ai\Timekeeper.Ai.csproj", "{6CA7986F-7346-47BC-9A82-8E3A36F73F95}"
EndProject
Global
	GlobalSection(SolutionConfigurationPlatforms) = preSolution
		Debug|Any CPU = Debug|Any CPU
		Debug|x64 = Debug|x64
		Debug|x86 = Debug|x86
		Release|Any CPU = Release|Any CPU
		Release|x64 = Release|x64
		Release|x86 = Release|x86
	EndGlobalSection
	GlobalSection(ProjectConfigurationPlatforms) = postSolution
		{7A2FB920-8A6C-450D-8319-BF550E41B123}.Debug|Any CPU.ActiveCfg = Debug|Any CPU
		{7A2FB920-8A6C-450D-8319-BF550E41B123}.Debug|Any CPU.Build.0 = Debug|Any CPU
		{7A2FB920-8A6C-450D-8319-BF550E41B123}.Debug|x64.ActiveCfg = Debug|Any CPU
		{7A2FB920-8A6C-450D-8319-BF550E41B123}.Debug|x64.Build.0 = Debug|Any CPU
		{7A2FB920-8A6C-450D-8319-BF550E41B123}.Debug|x86.ActiveCfg = Debug|Any CPU
		{7A2FB920-8A6C-450D-8319-BF550E41B123}.Debug|x86.Build.0 = Debug|Any CPU
		{7A2FB920-8A6C-450D-8319-BF550E41B123}.Release|Any CPU.ActiveCfg = Release|Any CPU
		{7A2FB920-8A6C-450D-8319-BF550E41B123}.Release|Any CPU.Build.0 = Release|Any CPU
		{7A2FB920-8A6C-450D-8319-BF550E41B123}.Release|x64.ActiveCfg = Release|Any CPU
		{7A2FB920-8A6C-450D-8319-BF550E41B123}.Release|x64.Build.0 = Release|Any CPU
		{7A2FB920-8A6C-450D-8319-BF550E41B123}.Release|x86.ActiveCfg = Release|Any CPU
		{7A2FB920-8A6C-450D-8319-BF550E41B123}.Release|x86.Build.0 = Release|Any CPU
		{86000D46-00C2-4121-8EB1-70B6F7798224}.Debug|Any CPU.ActiveCfg = Debug|Any CPU
		{86000D46-00C2-4121-8EB1-70B6F7798224}.Debug|Any CPU.Build.0 = Debug|Any CPU
		{86000D46-00C2-4121-8EB1-70B6F7798224}.Debug|x64.ActiveCfg = Debug|Any CPU
		{86000D46-00C2-4121-8EB1-70B6F7798224}.Debug|x64.Build.0 = Debug|Any CPU
		{86000D46-00C2-4121-8EB1-70B6F7798224}.Debug|x86.ActiveCfg = Debug|Any CPU
		{86000D46-00C2-4121-8EB1-70B6F7798224}.Debug|x86.Build.0 = Debug|Any CPU
		{86000D46-00C2-4121-8EB1-70B6F7798224}.Release|Any CPU.ActiveCfg = Release|Any CPU
		{86000D46-00C2-4121-8EB1-70B6F7798224}.Release|Any CPU.Build.0 = Release|Any CPU
		{86000D46-00C2-4121-8EB1-70B6F7798224}.Release|x64.ActiveCfg = Release|Any CPU
		{86000D46-00C2-4121-8EB1-70B6F7798224}.Release|x64.Build.0 = Release|Any CPU
		{86000D46-00C2-4121-8EB1-70B6F7798224}.Release|x86.ActiveCfg = Release|Any CPU
		{86000D46-00C2-4121-8EB1-70B6F7798224}.Release|x86.Build.0 = Release|Any CPU
		{7F2D061D-07B6-4A62-859E-0E7CE11F47C1}.Debug|Any CPU.ActiveCfg = Debug|Any CPU
		{7F2D061D-07B6-4A62-859E-0E7CE11F47C1}.Debug|Any CPU.Build.0 = Debug|Any CPU
		{7F2D061D-07B6-4A62-859E-0E7CE11F47C1}.Debug|x64.ActiveCfg = Debug|Any CPU
		{7F2D061D-07B6-4A62-859E-0E7CE11F47C1}.Debug|x64.Build.0 = Debug|Any CPU
		{7F2D061D-07B6-4A62-859E-0E7CE11F47C1}.Debug|x86.ActiveCfg = Debug|Any CPU
		{7F2D061D-07B6-4A62-859E-0E7CE11F47C1}.Debug|x86.Build.0 = Debug|Any CPU
		{7F2D061D-07B6-4A62-859E-0E7CE11F47C1}.Release|Any CPU.ActiveCfg = Release|Any CPU
		{7F2D061D-07B6-4A62-859E-0E7CE11F47C1}.Release|Any CPU.Build.0 = Release|Any CPU
		{7F2D061D-07B6-4A62-859E-0E7CE11F47C1}.Release|x64.ActiveCfg = Release|Any CPU
		{7F2D061D-07B6-4A62-859E-0E7CE11F47C1}.Release|x64.Build.0 = Release|Any CPU
		{7F2D061D-07B6-4A62-859E-0E7CE11F47C1}.Release|x86.ActiveCfg = Release|Any CPU
		{7F2D061D-07B6-4A62-859E-0E7CE11F47C1}.Release|x86.Build.0 = Release|Any CPU
		{80DCFF5D-FA58-4D2D-8DAE-9A3C749FA2D4}.Debug|Any CPU.ActiveCfg = Debug|Any CPU
		{80DCFF5D-FA58-4D2D-8DAE-9A3C749FA2D4}.Debug|Any CPU.Build.0 = Debug|Any CPU
		{80DCFF5D-FA58-4D2D-8DAE-9A3C749FA2D4}.Debug|x64.ActiveCfg = Debug|Any CPU
		{80DCFF5D-FA58-4D2D-8DAE-9A3C749FA2D4}.Debug|x64.Build.0 = Debug|Any CPU
		{80DCFF5D-FA58-4D2D-8DAE-9A3C749FA2D4}.Debug|x86.ActiveCfg = Debug|Any CPU
		{80DCFF5D-FA58-4D2D-8DAE-9A3C749FA2D4}.Debug|x86.Build.0 = Debug|Any CPU
		{80DCFF5D-FA58-4D2D-8DAE-9A3C749FA2D4}.Release|Any CPU.ActiveCfg = Release|Any CPU
		{80DCFF5D-FA58-4D2D-8DAE-9A3C749FA2D4}.Release|Any CPU.Build.0 = Release|Any CPU
		{80DCFF5D-FA58-4D2D-8DAE-9A3C749FA2D4}.Release|x64.ActiveCfg = Release|Any CPU
		{80DCFF5D-FA58-4D2D-8DAE-9A3C749FA2D4}.Release|x64.Build.0 = Release|Any CPU
		{80DCFF5D-FA58-4D2D-8DAE-9A3C749FA2D4}.Release|x86.ActiveCfg = Release|Any CPU
		{80DCFF5D-FA58-4D2D-8DAE-9A3C749FA2D4}.Release|x86.Build.0 = Release|Any CPU
		{5270DE71-0623-40B4-BE2A-9FD43598F5E6}.Debug|Any CPU.ActiveCfg = Debug|Any CPU
		{5270DE71-0623-40B4-BE2A-9FD43598F5E6}.Debug|Any CPU.Build.0 = Debug|Any CPU
		{5270DE71-0623-40B4-BE2A-9FD43598F5E6}.Debug|x64.ActiveCfg = Debug|Any CPU
		{5270DE71-0623-40B4-BE2A-9FD43598F5E6}.Debug|x64.Build.0 = Debug|Any CPU
		{5270DE71-0623-40B4-BE2A-9FD43598F5E6}.Debug|x86.ActiveCfg = Debug|Any CPU
		{5270DE71-0623-40B4-BE2A-9FD43598F5E6}.Debug|x86.Build.0 = Debug|Any CPU
		{5270DE71-0623-40B4-BE2A-9FD43598F5E6}.Release|Any CPU.ActiveCfg = Release|Any CPU
		{5270DE71-0623-40B4-BE2A-9FD43598F5E6}.Release|Any CPU.Build.0 = Release|Any CPU
		{5270DE71-0623-40B4-BE2A-9FD43598F5E6}.Release|x64.ActiveCfg = Release|Any CPU
		{5270DE71-0623-40B4-BE2A-9FD43598F5E6}.Release|x64.Build.0 = Release|Any CPU
		{5270DE71-0623-40B4-BE2A-9FD43598F5E6}.Release|x86.ActiveCfg = Release|Any CPU
		{5270DE71-0623-40B4-BE2A-9FD43598F5E6}.Release|x86.Build.0 = Release|Any CPU
		{6CA7986F-7346-47BC-9A82-8E3A36F73F95}.Debug|Any CPU.ActiveCfg = Debug|Any CPU
		{6CA7986F-7346-47BC-9A82-8E3A36F73F95}.Debug|Any CPU.Build.0 = Debug|Any CPU
		{6CA7986F-7346-47BC-9A82-8E3A36F73F95}.Debug|x64.ActiveCfg = Debug|Any CPU
		{6CA7986F-7346-47BC-9A82-8E3A36F73F95}.Debug|x64.Build.0 = Debug|Any CPU
		{6CA7986F-7346-47BC-9A82-8E3A36F73F95}.Debug|x86.ActiveCfg = Debug|Any CPU
		{6CA7986F-7346-47BC-9A82-8E3A36F73F95}.Debug|x86.Build.0 = Debug|Any CPU
		{6CA7986F-7346-47BC-9A82-8E3A36F73F95}.Release|Any CPU.ActiveCfg = Release|Any CPU
		{6CA7986F-7346-47BC-9A82-8E3A36F73F95}.Release|Any CPU.Build.0 = Release|Any CPU
		{6CA7986F-7346-47BC-9A82-8E3A36F73F95}.Release|x64.ActiveCfg = Release|Any CPU
		{6CA7986F-7346-47BC-9A82-8E3A36F73F95}.Release|x64.Build.0 = Release|Any CPU
		{6CA7986F-7346-47BC-9A82-8E3A36F73F95}.Release|x86.ActiveCfg = Release|Any CPU
		{6CA7986F-7346-47BC-9A82-8E3A36F73F95}.Release|x86.Build.0 = Release|Any CPU
	EndGlobalSection
	GlobalSection(SolutionProperties) = preSolution
		HideSolutionNode = FALSE
	EndGlobalSection
	GlobalSection(NestedProjects) = preSolution
		{7A2FB920-8A6C-450D-8319-BF550E41B123} = {827E0CD3-B72D-47B6-A68D-7590B98EB39B}
		{86000D46-00C2-4121-8EB1-70B6F7798224} = {827E0CD3-B72D-47B6-A68D-7590B98EB39B}
		{7F2D061D-07B6-4A62-859E-0E7CE11F47C1} = {827E0CD3-B72D-47B6-A68D-7590B98EB39B}
		{80DCFF5D-FA58-4D2D-8DAE-9A3C749FA2D4} = {827E0CD3-B72D-47B6-A68D-7590B98EB39B}
		{5270DE71-0623-40B4-BE2A-9FD43598F5E6} = {827E0CD3-B72D-47B6-A68D-7590B98EB39B}
		{6CA7986F-7346-47BC-9A82-8E3A36F73F95} = {827E0CD3-B72D-47B6-A68D-7590B98EB39B}
	EndGlobalSection
EndGlobal
